// !$*UTF8*$!
{
	archiveVersion = 1;
	classes = {
	};
	objectVersion = 55;
	objects = {

/* Begin PBXBuildFile section */
		0BF8745327D625680024AD00 /* AppDelegate.swift in Sources */ = {isa = PBXBuildFile; fileRef = 0BF8745227D625680024AD00 /* AppDelegate.swift */; };
		0BF8745727D625680024AD00 /* LoginViewController.swift in Sources */ = {isa = PBXBuildFile; fileRef = 0BF8745627D625680024AD00 /* LoginViewController.swift */; };
		0BF8745C27D6256D0024AD00 /* Assets.xcassets in Resources */ = {isa = PBXBuildFile; fileRef = 0BF8745B27D6256D0024AD00 /* Assets.xcassets */; };
		0BF8745F27D6256D0024AD00 /* LaunchScreen.storyboard in Resources */ = {isa = PBXBuildFile; fileRef = 0BF8745D27D6256D0024AD00 /* LaunchScreen.storyboard */; };
		0BF8746927D632A10024AD00 /* LoginView.swift in Sources */ = {isa = PBXBuildFile; fileRef = 0BF8746827D632A10024AD00 /* LoginView.swift */; };
		0BF8746C27D7F0D80024AD00 /* OnboardingContainerViewController.swift in Sources */ = {isa = PBXBuildFile; fileRef = 0BF8746B27D7F0D80024AD00 /* OnboardingContainerViewController.swift */; };
		0BF8746E27D8A86E0024AD00 /* OnboardingViewController.swift in Sources */ = {isa = PBXBuildFile; fileRef = 0BF8746D27D8A86E0024AD00 /* OnboardingViewController.swift */; };
		0BF8747027DA5DAB0024AD00 /* DummyViewController.swift in Sources */ = {isa = PBXBuildFile; fileRef = 0BF8746F27DA5DAA0024AD00 /* DummyViewController.swift */; };
		0BF8747327DA67A10024AD00 /* LocalState.swift in Sources */ = {isa = PBXBuildFile; fileRef = 0BF8747227DA67A10024AD00 /* LocalState.swift */; };
		0BF8747527DBD3D00024AD00 /* UIViewController+Utils.swift in Sources */ = {isa = PBXBuildFile; fileRef = 0BF8747427DBD3D00024AD00 /* UIViewController+Utils.swift */; };
		0BF8747727DBD5BD0024AD00 /* MainViewController.swift in Sources */ = {isa = PBXBuildFile; fileRef = 0BF8747627DBD5BD0024AD00 /* MainViewController.swift */; };
		0BF8747A27DC0B360024AD00 /* AccountSummaryViewController.swift in Sources */ = {isa = PBXBuildFile; fileRef = 0BF8747927DC0B360024AD00 /* AccountSummaryViewController.swift */; };
		0BF8747C27DC114C0024AD00 /* AccountSummaryHeaderView.swift in Sources */ = {isa = PBXBuildFile; fileRef = 0BF8747B27DC114C0024AD00 /* AccountSummaryHeaderView.swift */; };
		0BF8747E27DC11C10024AD00 /* AccountSummaryHeaderView.xib in Resources */ = {isa = PBXBuildFile; fileRef = 0BF8747D27DC11C10024AD00 /* AccountSummaryHeaderView.xib */; };
		0BF8748327DCFEA20024AD00 /* AccountSummaryCell.swift in Sources */ = {isa = PBXBuildFile; fileRef = 0BF8748227DCFEA20024AD00 /* AccountSummaryCell.swift */; };
		0BF8748527DE318C0024AD00 /* Decimal+Utils.swift in Sources */ = {isa = PBXBuildFile; fileRef = 0BF8748427DE318C0024AD00 /* Decimal+Utils.swift */; };
		0BF8748727DE32B10024AD00 /* CurrencyFormatter.swift in Sources */ = {isa = PBXBuildFile; fileRef = 0BF8748627DE32B10024AD00 /* CurrencyFormatter.swift */; };
		0BF8749627DEA36C0024AD00 /* CurrencyFormatterTests.swift in Sources */ = {isa = PBXBuildFile; fileRef = 0BF8749527DEA36C0024AD00 /* CurrencyFormatterTests.swift */; };
		0BF8749827DF48390024AD00 /* NSNotificationName.swift in Sources */ = {isa = PBXBuildFile; fileRef = 0BF8749727DF48390024AD00 /* NSNotificationName.swift */; };
		0BF8749A27DF4E4A0024AD00 /* UITextField+SecureToggle.swift in Sources */ = {isa = PBXBuildFile; fileRef = 0BF8749927DF4E4A0024AD00 /* UITextField+SecureToggle.swift */; };
/* End PBXBuildFile section */

/* Begin PBXContainerItemProxy section */
		0BF8749027DEA2740024AD00 /* PBXContainerItemProxy */ = {
			isa = PBXContainerItemProxy;
			containerPortal = 0BF8744727D625680024AD00 /* Project object */;
			proxyType = 1;
			remoteGlobalIDString = 0BF8744E27D625680024AD00;
			remoteInfo = justBankey;
		};
/* End PBXContainerItemProxy section */

/* Begin PBXFileReference section */
		0BF8744F27D625680024AD00 /* justBankey.app */ = {isa = PBXFileReference; explicitFileType = wrapper.application; includeInIndex = 0; path = justBankey.app; sourceTree = BUILT_PRODUCTS_DIR; };
		0BF8745227D625680024AD00 /* AppDelegate.swift */ = {isa = PBXFileReference; lastKnownFileType = sourcecode.swift; path = AppDelegate.swift; sourceTree = "<group>"; };
		0BF8745627D625680024AD00 /* LoginViewController.swift */ = {isa = PBXFileReference; lastKnownFileType = sourcecode.swift; path = LoginViewController.swift; sourceTree = "<group>"; };
		0BF8745B27D6256D0024AD00 /* Assets.xcassets */ = {isa = PBXFileReference; lastKnownFileType = folder.assetcatalog; path = Assets.xcassets; sourceTree = "<group>"; };
		0BF8745E27D6256D0024AD00 /* Base */ = {isa = PBXFileReference; lastKnownFileType = file.storyboard; name = Base; path = Base.lproj/LaunchScreen.storyboard; sourceTree = "<group>"; };
		0BF8746027D6256D0024AD00 /* Info.plist */ = {isa = PBXFileReference; lastKnownFileType = text.plist.xml; path = Info.plist; sourceTree = "<group>"; };
		0BF8746827D632A10024AD00 /* LoginView.swift */ = {isa = PBXFileReference; lastKnownFileType = sourcecode.swift; path = LoginView.swift; sourceTree = "<group>"; };
		0BF8746B27D7F0D80024AD00 /* OnboardingContainerViewController.swift */ = {isa = PBXFileReference; lastKnownFileType = sourcecode.swift; path = OnboardingContainerViewController.swift; sourceTree = "<group>"; };
		0BF8746D27D8A86E0024AD00 /* OnboardingViewController.swift */ = {isa = PBXFileReference; lastKnownFileType = sourcecode.swift; path = OnboardingViewController.swift; sourceTree = "<group>"; };
		0BF8746F27DA5DAA0024AD00 /* DummyViewController.swift */ = {isa = PBXFileReference; lastKnownFileType = sourcecode.swift; path = DummyViewController.swift; sourceTree = "<group>"; };
		0BF8747227DA67A10024AD00 /* LocalState.swift */ = {isa = PBXFileReference; lastKnownFileType = sourcecode.swift; path = LocalState.swift; sourceTree = "<group>"; };
		0BF8747427DBD3D00024AD00 /* UIViewController+Utils.swift */ = {isa = PBXFileReference; lastKnownFileType = sourcecode.swift; path = "UIViewController+Utils.swift"; sourceTree = "<group>"; };
		0BF8747627DBD5BD0024AD00 /* MainViewController.swift */ = {isa = PBXFileReference; lastKnownFileType = sourcecode.swift; path = MainViewController.swift; sourceTree = "<group>"; };
		0BF8747927DC0B360024AD00 /* AccountSummaryViewController.swift */ = {isa = PBXFileReference; lastKnownFileType = sourcecode.swift; path = AccountSummaryViewController.swift; sourceTree = "<group>"; };
		0BF8747B27DC114C0024AD00 /* AccountSummaryHeaderView.swift */ = {isa = PBXFileReference; lastKnownFileType = sourcecode.swift; path = AccountSummaryHeaderView.swift; sourceTree = "<group>"; };
		0BF8747D27DC11C10024AD00 /* AccountSummaryHeaderView.xib */ = {isa = PBXFileReference; lastKnownFileType = file.xib; path = AccountSummaryHeaderView.xib; sourceTree = "<group>"; };
		0BF8748227DCFEA20024AD00 /* AccountSummaryCell.swift */ = {isa = PBXFileReference; lastKnownFileType = sourcecode.swift; path = AccountSummaryCell.swift; sourceTree = "<group>"; };
		0BF8748427DE318C0024AD00 /* Decimal+Utils.swift */ = {isa = PBXFileReference; lastKnownFileType = sourcecode.swift; path = "Decimal+Utils.swift"; sourceTree = "<group>"; };
		0BF8748627DE32B10024AD00 /* CurrencyFormatter.swift */ = {isa = PBXFileReference; lastKnownFileType = sourcecode.swift; path = CurrencyFormatter.swift; sourceTree = "<group>"; };
		0BF8748C27DEA2740024AD00 /* justBankeyUnitTests.xctest */ = {isa = PBXFileReference; explicitFileType = wrapper.cfbundle; includeInIndex = 0; path = justBankeyUnitTests.xctest; sourceTree = BUILT_PRODUCTS_DIR; };
		0BF8749527DEA36C0024AD00 /* CurrencyFormatterTests.swift */ = {isa = PBXFileReference; lastKnownFileType = sourcecode.swift; path = CurrencyFormatterTests.swift; sourceTree = "<group>"; };
		0BF8749727DF48390024AD00 /* NSNotificationName.swift */ = {isa = PBXFileReference; lastKnownFileType = sourcecode.swift; path = NSNotificationName.swift; sourceTree = "<group>"; };
		0BF8749927DF4E4A0024AD00 /* UITextField+SecureToggle.swift */ = {isa = PBXFileReference; lastKnownFileType = sourcecode.swift; path = "UITextField+SecureToggle.swift"; sourceTree = "<group>"; };
/* End PBXFileReference section */

/* Begin PBXFrameworksBuildPhase section */
		0BF8744C27D625680024AD00 /* Frameworks */ = {
			isa = PBXFrameworksBuildPhase;
			buildActionMask = 2147483647;
			files = (
			);
			runOnlyForDeploymentPostprocessing = 0;
		};
		0BF8748927DEA2740024AD00 /* Frameworks */ = {
			isa = PBXFrameworksBuildPhase;
			buildActionMask = 2147483647;
			files = (
			);
			runOnlyForDeploymentPostprocessing = 0;
		};
/* End PBXFrameworksBuildPhase section */

/* Begin PBXGroup section */
		0BF8744627D625680024AD00 = {
			isa = PBXGroup;
			children = (
				0BF8745127D625680024AD00 /* justBankey */,
				0BF8748D27DEA2740024AD00 /* justBankeyUnitTests */,
				0BF8745027D625680024AD00 /* Products */,
			);
			sourceTree = "<group>";
		};
		0BF8745027D625680024AD00 /* Products */ = {
			isa = PBXGroup;
			children = (
				0BF8744F27D625680024AD00 /* justBankey.app */,
				0BF8748C27DEA2740024AD00 /* justBankeyUnitTests.xctest */,
			);
			name = Products;
			sourceTree = "<group>";
		};
		0BF8745127D625680024AD00 /* justBankey */ = {
			isa = PBXGroup;
			children = (
				0BF8745227D625680024AD00 /* AppDelegate.swift */,
				0BF8747627DBD5BD0024AD00 /* MainViewController.swift */,
				0BF8746727D632680024AD00 /* Login */,
				0BF8746A27D7F08E0024AD00 /* Onboarding */,
				0BF8747827DC0AAF0024AD00 /* AccountSummaru */,
				0BF8747127DA67810024AD00 /* Utils */,
				0BF8746627D631E80024AD00 /* Files */,
			);
			path = justBankey;
			sourceTree = "<group>";
		};
		0BF8746627D631E80024AD00 /* Files */ = {
			isa = PBXGroup;
			children = (
				0BF8745B27D6256D0024AD00 /* Assets.xcassets */,
				0BF8745D27D6256D0024AD00 /* LaunchScreen.storyboard */,
				0BF8746027D6256D0024AD00 /* Info.plist */,
			);
			name = Files;
			sourceTree = "<group>";
		};
		0BF8746727D632680024AD00 /* Login */ = {
			isa = PBXGroup;
			children = (
				0BF8746827D632A10024AD00 /* LoginView.swift */,
				0BF8745627D625680024AD00 /* LoginViewController.swift */,
				0BF8746F27DA5DAA0024AD00 /* DummyViewController.swift */,
			);
			path = Login;
			sourceTree = "<group>";
		};
		0BF8746A27D7F08E0024AD00 /* Onboarding */ = {
			isa = PBXGroup;
			children = (
				0BF8746B27D7F0D80024AD00 /* OnboardingContainerViewController.swift */,
				0BF8746D27D8A86E0024AD00 /* OnboardingViewController.swift */,
			);
			path = Onboarding;
			sourceTree = "<group>";
		};
		0BF8747127DA67810024AD00 /* Utils */ = {
			isa = PBXGroup;
			children = (
				0BF8747227DA67A10024AD00 /* LocalState.swift */,
				0BF8747427DBD3D00024AD00 /* UIViewController+Utils.swift */,
				0BF8748427DE318C0024AD00 /* Decimal+Utils.swift */,
				0BF8748627DE32B10024AD00 /* CurrencyFormatter.swift */,
				0BF8749727DF48390024AD00 /* NSNotificationName.swift */,
				0BF8749927DF4E4A0024AD00 /* UITextField+SecureToggle.swift */,
			);
			name = Utils;
			sourceTree = "<group>";
		};
		0BF8747827DC0AAF0024AD00 /* AccountSummaru */ = {
			isa = PBXGroup;
			children = (
				0BF8747927DC0B360024AD00 /* AccountSummaryViewController.swift */,
				0BF8747F27DCFE280024AD00 /* Header */,
				0BF8748027DCFE4A0024AD00 /* Cells */,
			);
			path = AccountSummaru;
			sourceTree = "<group>";
		};
		0BF8747F27DCFE280024AD00 /* Header */ = {
			isa = PBXGroup;
			children = (
				0BF8747B27DC114C0024AD00 /* AccountSummaryHeaderView.swift */,
				0BF8747D27DC11C10024AD00 /* AccountSummaryHeaderView.xib */,
			);
			path = Header;
			sourceTree = "<group>";
		};
		0BF8748027DCFE4A0024AD00 /* Cells */ = {
			isa = PBXGroup;
			children = (
				0BF8748227DCFEA20024AD00 /* AccountSummaryCell.swift */,
			);
			path = Cells;
			sourceTree = "<group>";
		};
		0BF8748D27DEA2740024AD00 /* justBankeyUnitTests */ = {
			isa = PBXGroup;
			children = (
				0BF8749527DEA36C0024AD00 /* CurrencyFormatterTests.swift */,
			);
			path = justBankeyUnitTests;
			sourceTree = "<group>";
		};
/* End PBXGroup section */

/* Begin PBXNativeTarget section */
		0BF8744E27D625680024AD00 /* justBankey */ = {
			isa = PBXNativeTarget;
			buildConfigurationList = 0BF8746327D6256D0024AD00 /* Build configuration list for PBXNativeTarget "justBankey" */;
			buildPhases = (
				0BF8744B27D625680024AD00 /* Sources */,
				0BF8744C27D625680024AD00 /* Frameworks */,
				0BF8744D27D625680024AD00 /* Resources */,
			);
			buildRules = (
			);
			dependencies = (
			);
			name = justBankey;
			productName = justBankey;
			productReference = 0BF8744F27D625680024AD00 /* justBankey.app */;
			productType = "com.apple.product-type.application";
		};
		0BF8748B27DEA2740024AD00 /* justBankeyUnitTests */ = {
			isa = PBXNativeTarget;
			buildConfigurationList = 0BF8749227DEA2740024AD00 /* Build configuration list for PBXNativeTarget "justBankeyUnitTests" */;
			buildPhases = (
				0BF8748827DEA2740024AD00 /* Sources */,
				0BF8748927DEA2740024AD00 /* Frameworks */,
				0BF8748A27DEA2740024AD00 /* Resources */,
			);
			buildRules = (
			);
			dependencies = (
				0BF8749127DEA2740024AD00 /* PBXTargetDependency */,
			);
			name = justBankeyUnitTests;
			productName = justBankeyUnitTests;
			productReference = 0BF8748C27DEA2740024AD00 /* justBankeyUnitTests.xctest */;
			productType = "com.apple.product-type.bundle.unit-test";
		};
/* End PBXNativeTarget section */

/* Begin PBXProject section */
		0BF8744727D625680024AD00 /* Project object */ = {
			isa = PBXProject;
			attributes = {
				BuildIndependentTargetsInParallel = 1;
				LastSwiftUpdateCheck = 1320;
				LastUpgradeCheck = 1320;
				TargetAttributes = {
					0BF8744E27D625680024AD00 = {
						CreatedOnToolsVersion = 13.2.1;
					};
					0BF8748B27DEA2740024AD00 = {
						CreatedOnToolsVersion = 13.2.1;
						LastSwiftMigration = 1320;
						TestTargetID = 0BF8744E27D625680024AD00;
					};
				};
			};
			buildConfigurationList = 0BF8744A27D625680024AD00 /* Build configuration list for PBXProject "justBankey" */;
			compatibilityVersion = "Xcode 13.0";
			developmentRegion = en;
			hasScannedForEncodings = 0;
			knownRegions = (
				en,
				Base,
			);
			mainGroup = 0BF8744627D625680024AD00;
			productRefGroup = 0BF8745027D625680024AD00 /* Products */;
			projectDirPath = "";
			projectRoot = "";
			targets = (
				0BF8744E27D625680024AD00 /* justBankey */,
				0BF8748B27DEA2740024AD00 /* justBankeyUnitTests */,
			);
		};
/* End PBXProject section */

/* Begin PBXResourcesBuildPhase section */
		0BF8744D27D625680024AD00 /* Resources */ = {
			isa = PBXResourcesBuildPhase;
			buildActionMask = 2147483647;
			files = (
				0BF8747E27DC11C10024AD00 /* AccountSummaryHeaderView.xib in Resources */,
				0BF8745F27D6256D0024AD00 /* LaunchScreen.storyboard in Resources */,
				0BF8745C27D6256D0024AD00 /* Assets.xcassets in Resources */,
			);
			runOnlyForDeploymentPostprocessing = 0;
		};
		0BF8748A27DEA2740024AD00 /* Resources */ = {
			isa = PBXResourcesBuildPhase;
			buildActionMask = 2147483647;
			files = (
			);
			runOnlyForDeploymentPostprocessing = 0;
		};
/* End PBXResourcesBuildPhase section */

/* Begin PBXSourcesBuildPhase section */
		0BF8744B27D625680024AD00 /* Sources */ = {
			isa = PBXSourcesBuildPhase;
			buildActionMask = 2147483647;
			files = (
				0BF8747527DBD3D00024AD00 /* UIViewController+Utils.swift in Sources */,
				0BF8746927D632A10024AD00 /* LoginView.swift in Sources */,
				0BF8747327DA67A10024AD00 /* LocalState.swift in Sources */,
				0BF8747C27DC114C0024AD00 /* AccountSummaryHeaderView.swift in Sources */,
				0BF8749A27DF4E4A0024AD00 /* UITextField+SecureToggle.swift in Sources */,
				0BF8747027DA5DAB0024AD00 /* DummyViewController.swift in Sources */,
				0BF8748727DE32B10024AD00 /* CurrencyFormatter.swift in Sources */,
				0BF8748527DE318C0024AD00 /* Decimal+Utils.swift in Sources */,
				0BF8749827DF48390024AD00 /* NSNotificationName.swift in Sources */,
				0BF8745727D625680024AD00 /* LoginViewController.swift in Sources */,
				0BF8748327DCFEA20024AD00 /* AccountSummaryCell.swift in Sources */,
				0BF8746E27D8A86E0024AD00 /* OnboardingViewController.swift in Sources */,
				0BF8747727DBD5BD0024AD00 /* MainViewController.swift in Sources */,
				0BF8747A27DC0B360024AD00 /* AccountSummaryViewController.swift in Sources */,
				0BF8745327D625680024AD00 /* AppDelegate.swift in Sources */,
				0BF8746C27D7F0D80024AD00 /* OnboardingContainerViewController.swift in Sources */,
			);
			runOnlyForDeploymentPostprocessing = 0;
		};
		0BF8748827DEA2740024AD00 /* Sources */ = {
			isa = PBXSourcesBuildPhase;
			buildActionMask = 2147483647;
			files = (
				0BF8749627DEA36C0024AD00 /* CurrencyFormatterTests.swift in Sources */,
			);
			runOnlyForDeploymentPostprocessing = 0;
		};
/* End PBXSourcesBuildPhase section */

/* Begin PBXTargetDependency section */
		0BF8749127DEA2740024AD00 /* PBXTargetDependency */ = {
			isa = PBXTargetDependency;
			target = 0BF8744E27D625680024AD00 /* justBankey */;
			targetProxy = 0BF8749027DEA2740024AD00 /* PBXContainerItemProxy */;
		};
/* End PBXTargetDependency section */

/* Begin PBXVariantGroup section */
		0BF8745D27D6256D0024AD00 /* LaunchScreen.storyboard */ = {
			isa = PBXVariantGroup;
			children = (
				0BF8745E27D6256D0024AD00 /* Base */,
			);
			name = LaunchScreen.storyboard;
			sourceTree = "<group>";
		};
/* End PBXVariantGroup section */

/* Begin XCBuildConfiguration section */
		0BF8746127D6256D0024AD00 /* Debug */ = {
			isa = XCBuildConfiguration;
			buildSettings = {
				ALWAYS_SEARCH_USER_PATHS = NO;
				CLANG_ANALYZER_NONNULL = YES;
				CLANG_ANALYZER_NUMBER_OBJECT_CONVERSION = YES_AGGRESSIVE;
				CLANG_CXX_LANGUAGE_STANDARD = "gnu++17";
				CLANG_CXX_LIBRARY = "libc++";
				CLANG_ENABLE_MODULES = YES;
				CLANG_ENABLE_OBJC_ARC = YES;
				CLANG_ENABLE_OBJC_WEAK = YES;
				CLANG_WARN_BLOCK_CAPTURE_AUTORELEASING = YES;
				CLANG_WARN_BOOL_CONVERSION = YES;
				CLANG_WARN_COMMA = YES;
				CLANG_WARN_CONSTANT_CONVERSION = YES;
				CLANG_WARN_DEPRECATED_OBJC_IMPLEMENTATIONS = YES;
				CLANG_WARN_DIRECT_OBJC_ISA_USAGE = YES_ERROR;
				CLANG_WARN_DOCUMENTATION_COMMENTS = YES;
				CLANG_WARN_EMPTY_BODY = YES;
				CLANG_WARN_ENUM_CONVERSION = YES;
				CLANG_WARN_INFINITE_RECURSION = YES;
				CLANG_WARN_INT_CONVERSION = YES;
				CLANG_WARN_NON_LITERAL_NULL_CONVERSION = YES;
				CLANG_WARN_OBJC_IMPLICIT_RETAIN_SELF = YES;
				CLANG_WARN_OBJC_LITERAL_CONVERSION = YES;
				CLANG_WARN_OBJC_ROOT_CLASS = YES_ERROR;
				CLANG_WARN_QUOTED_INCLUDE_IN_FRAMEWORK_HEADER = YES;
				CLANG_WARN_RANGE_LOOP_ANALYSIS = YES;
				CLANG_WARN_STRICT_PROTOTYPES = YES;
				CLANG_WARN_SUSPICIOUS_MOVE = YES;
				CLANG_WARN_UNGUARDED_AVAILABILITY = YES_AGGRESSIVE;
				CLANG_WARN_UNREACHABLE_CODE = YES;
				CLANG_WARN__DUPLICATE_METHOD_MATCH = YES;
				COPY_PHASE_STRIP = NO;
				DEBUG_INFORMATION_FORMAT = dwarf;
				ENABLE_STRICT_OBJC_MSGSEND = YES;
				ENABLE_TESTABILITY = YES;
				GCC_C_LANGUAGE_STANDARD = gnu11;
				GCC_DYNAMIC_NO_PIC = NO;
				GCC_NO_COMMON_BLOCKS = YES;
				GCC_OPTIMIZATION_LEVEL = 0;
				GCC_PREPROCESSOR_DEFINITIONS = (
					"DEBUG=1",
					"$(inherited)",
				);
				GCC_WARN_64_TO_32_BIT_CONVERSION = YES;
				GCC_WARN_ABOUT_RETURN_TYPE = YES_ERROR;
				GCC_WARN_UNDECLARED_SELECTOR = YES;
				GCC_WARN_UNINITIALIZED_AUTOS = YES_AGGRESSIVE;
				GCC_WARN_UNUSED_FUNCTION = YES;
				GCC_WARN_UNUSED_VARIABLE = YES;
				IPHONEOS_DEPLOYMENT_TARGET = 15.2;
				MTL_ENABLE_DEBUG_INFO = INCLUDE_SOURCE;
				MTL_FAST_MATH = YES;
				ONLY_ACTIVE_ARCH = YES;
				SDKROOT = iphoneos;
				SWIFT_ACTIVE_COMPILATION_CONDITIONS = DEBUG;
				SWIFT_OPTIMIZATION_LEVEL = "-Onone";
			};
			name = Debug;
		};
		0BF8746227D6256D0024AD00 /* Release */ = {
			isa = XCBuildConfiguration;
			buildSettings = {
				ALWAYS_SEARCH_USER_PATHS = NO;
				CLANG_ANALYZER_NONNULL = YES;
				CLANG_ANALYZER_NUMBER_OBJECT_CONVERSION = YES_AGGRESSIVE;
				CLANG_CXX_LANGUAGE_STANDARD = "gnu++17";
				CLANG_CXX_LIBRARY = "libc++";
				CLANG_ENABLE_MODULES = YES;
				CLANG_ENABLE_OBJC_ARC = YES;
				CLANG_ENABLE_OBJC_WEAK = YES;
				CLANG_WARN_BLOCK_CAPTURE_AUTORELEASING = YES;
				CLANG_WARN_BOOL_CONVERSION = YES;
				CLANG_WARN_COMMA = YES;
				CLANG_WARN_CONSTANT_CONVERSION = YES;
				CLANG_WARN_DEPRECATED_OBJC_IMPLEMENTATIONS = YES;
				CLANG_WARN_DIRECT_OBJC_ISA_USAGE = YES_ERROR;
				CLANG_WARN_DOCUMENTATION_COMMENTS = YES;
				CLANG_WARN_EMPTY_BODY = YES;
				CLANG_WARN_ENUM_CONVERSION = YES;
				CLANG_WARN_INFINITE_RECURSION = YES;
				CLANG_WARN_INT_CONVERSION = YES;
				CLANG_WARN_NON_LITERAL_NULL_CONVERSION = YES;
				CLANG_WARN_OBJC_IMPLICIT_RETAIN_SELF = YES;
				CLANG_WARN_OBJC_LITERAL_CONVERSION = YES;
				CLANG_WARN_OBJC_ROOT_CLASS = YES_ERROR;
				CLANG_WARN_QUOTED_INCLUDE_IN_FRAMEWORK_HEADER = YES;
				CLANG_WARN_RANGE_LOOP_ANALYSIS = YES;
				CLANG_WARN_STRICT_PROTOTYPES = YES;
				CLANG_WARN_SUSPICIOUS_MOVE = YES;
				CLANG_WARN_UNGUARDED_AVAILABILITY = YES_AGGRESSIVE;
				CLANG_WARN_UNREACHABLE_CODE = YES;
				CLANG_WARN__DUPLICATE_METHOD_MATCH = YES;
				COPY_PHASE_STRIP = NO;
				DEBUG_INFORMATION_FORMAT = "dwarf-with-dsym";
				ENABLE_NS_ASSERTIONS = NO;
				ENABLE_STRICT_OBJC_MSGSEND = YES;
				GCC_C_LANGUAGE_STANDARD = gnu11;
				GCC_NO_COMMON_BLOCKS = YES;
				GCC_WARN_64_TO_32_BIT_CONVERSION = YES;
				GCC_WARN_ABOUT_RETURN_TYPE = YES_ERROR;
				GCC_WARN_UNDECLARED_SELECTOR = YES;
				GCC_WARN_UNINITIALIZED_AUTOS = YES_AGGRESSIVE;
				GCC_WARN_UNUSED_FUNCTION = YES;
				GCC_WARN_UNUSED_VARIABLE = YES;
				IPHONEOS_DEPLOYMENT_TARGET = 15.2;
				MTL_ENABLE_DEBUG_INFO = NO;
				MTL_FAST_MATH = YES;
				SDKROOT = iphoneos;
				SWIFT_COMPILATION_MODE = wholemodule;
				SWIFT_OPTIMIZATION_LEVEL = "-O";
				VALIDATE_PRODUCT = YES;
			};
			name = Release;
		};
		0BF8746427D6256D0024AD00 /* Debug */ = {
			isa = XCBuildConfiguration;
			buildSettings = {
				ASSETCATALOG_COMPILER_APPICON_NAME = AppIcon;
				ASSETCATALOG_COMPILER_GLOBAL_ACCENT_COLOR_NAME = AccentColor;
				CODE_SIGN_STYLE = Automatic;
				CURRENT_PROJECT_VERSION = 1;
				DEVELOPMENT_TEAM = 327B2F3V2J;
				GENERATE_INFOPLIST_FILE = YES;
				INFOPLIST_FILE = justBankey/Info.plist;
				INFOPLIST_KEY_UIApplicationSupportsIndirectInputEvents = YES;
				INFOPLIST_KEY_UILaunchStoryboardName = LaunchScreen;
				INFOPLIST_KEY_UISupportedInterfaceOrientations_iPad = "UIInterfaceOrientationPortrait UIInterfaceOrientationPortraitUpsideDown UIInterfaceOrientationLandscapeLeft UIInterfaceOrientationLandscapeRight";
				INFOPLIST_KEY_UISupportedInterfaceOrientations_iPhone = "UIInterfaceOrientationPortrait UIInterfaceOrientationLandscapeLeft UIInterfaceOrientationLandscapeRight";
				LD_RUNPATH_SEARCH_PATHS = (
					"$(inherited)",
					"@executable_path/Frameworks",
				);
				MARKETING_VERSION = 1.0;
				PRODUCT_BUNDLE_IDENTIFIER = com.Mr.Ki.justBankey;
				PRODUCT_NAME = "$(TARGET_NAME)";
				SWIFT_EMIT_LOC_STRINGS = YES;
				SWIFT_VERSION = 5.0;
				TARGETED_DEVICE_FAMILY = "1,2";
			};
			name = Debug;
		};
		0BF8746527D6256D0024AD00 /* Release */ = {
			isa = XCBuildConfiguration;
			buildSettings = {
				ASSETCATALOG_COMPILER_APPICON_NAME = AppIcon;
				ASSETCATALOG_COMPILER_GLOBAL_ACCENT_COLOR_NAME = AccentColor;
				CODE_SIGN_STYLE = Automatic;
				CURRENT_PROJECT_VERSION = 1;
				DEVELOPMENT_TEAM = 327B2F3V2J;
				GENERATE_INFOPLIST_FILE = YES;
				INFOPLIST_FILE = justBankey/Info.plist;
				INFOPLIST_KEY_UIApplicationSupportsIndirectInputEvents = YES;
				INFOPLIST_KEY_UILaunchStoryboardName = LaunchScreen;
				INFOPLIST_KEY_UISupportedInterfaceOrientations_iPad = "UIInterfaceOrientationPortrait UIInterfaceOrientationPortraitUpsideDown UIInterfaceOrientationLandscapeLeft UIInterfaceOrientationLandscapeRight";
				INFOPLIST_KEY_UISupportedInterfaceOrientations_iPhone = "UIInterfaceOrientationPortrait UIInterfaceOrientationLandscapeLeft UIInterfaceOrientationLandscapeRight";
				LD_RUNPATH_SEARCH_PATHS = (
					"$(inherited)",
					"@executable_path/Frameworks",
				);
				MARKETING_VERSION = 1.0;
				PRODUCT_BUNDLE_IDENTIFIER = com.Mr.Ki.justBankey;
				PRODUCT_NAME = "$(TARGET_NAME)";
				SWIFT_EMIT_LOC_STRINGS = YES;
				SWIFT_VERSION = 5.0;
				TARGETED_DEVICE_FAMILY = "1,2";
			};
			name = Release;
		};
		0BF8749327DEA2740024AD00 /* Debug */ = {
			isa = XCBuildConfiguration;
			buildSettings = {
				BUNDLE_LOADER = "$(TEST_HOST)";
				CLANG_ENABLE_MODULES = YES;
				CODE_SIGN_STYLE = Automatic;
				CURRENT_PROJECT_VERSION = 1;
				DEVELOPMENT_TEAM = 327B2F3V2J;
				GENERATE_INFOPLIST_FILE = YES;
				LD_RUNPATH_SEARCH_PATHS = (
					"$(inherited)",
					"@executable_path/Frameworks",
					"@loader_path/Frameworks",
				);
				MARKETING_VERSION = 1.0;
				PRODUCT_BUNDLE_IDENTIFIER = com.Mr.Ki.justBankeyUnitTests;
				PRODUCT_NAME = "$(TARGET_NAME)";
				SWIFT_EMIT_LOC_STRINGS = NO;
				SWIFT_OPTIMIZATION_LEVEL = "-Onone";
				SWIFT_VERSION = 5.0;
				TARGETED_DEVICE_FAMILY = "1,2";
				TEST_HOST = "$(BUILT_PRODUCTS_DIR)/justBankey.app/justBankey";
			};
			name = Debug;
		};
		0BF8749427DEA2740024AD00 /* Release */ = {
			isa = XCBuildConfiguration;
			buildSettings = {
				BUNDLE_LOADER = "$(TEST_HOST)";
				CLANG_ENABLE_MODULES = YES;
				CODE_SIGN_STYLE = Automatic;
				CURRENT_PROJECT_VERSION = 1;
				DEVELOPMENT_TEAM = 327B2F3V2J;
				GENERATE_INFOPLIST_FILE = YES;
				LD_RUNPATH_SEARCH_PATHS = (
					"$(inherited)",
					"@executable_path/Frameworks",
					"@loader_path/Frameworks",
				);
				MARKETING_VERSION = 1.0;
				PRODUCT_BUNDLE_IDENTIFIER = com.Mr.Ki.justBankeyUnitTests;
				PRODUCT_NAME = "$(TARGET_NAME)";
				SWIFT_EMIT_LOC_STRINGS = NO;
				SWIFT_VERSION = 5.0;
				TARGETED_DEVICE_FAMILY = "1,2";
				TEST_HOST = "$(BUILT_PRODUCTS_DIR)/justBankey.app/justBankey";
			};
			name = Release;
		};
/* End XCBuildConfiguration section */

/* Begin XCConfigurationList section */
		0BF8744A27D625680024AD00 /* Build configuration list for PBXProject "justBankey" */ = {
			isa = XCConfigurationList;
			buildConfigurations = (
				0BF8746127D6256D0024AD00 /* Debug */,
				0BF8746227D6256D0024AD00 /* Release */,
			);
			defaultConfigurationIsVisible = 0;
			defaultConfigurationName = Release;
		};
		0BF8746327D6256D0024AD00 /* Build configuration list for PBXNativeTarget "justBankey" */ = {
			isa = XCConfigurationList;
			buildConfigurations = (
				0BF8746427D6256D0024AD00 /* Debug */,
				0BF8746527D6256D0024AD00 /* Release */,
			);
			defaultConfigurationIsVisible = 0;
			defaultConfigurationName = Release;
		};
		0BF8749227DEA2740024AD00 /* Build configuration list for PBXNativeTarget "justBankeyUnitTests" */ = {
			isa = XCConfigurationList;
			buildConfigurations = (
				0BF8749327DEA2740024AD00 /* Debug */,
				0BF8749427DEA2740024AD00 /* Release */,
			);
			defaultConfigurationIsVisible = 0;
			defaultConfigurationName = Release;
		};
/* End XCConfigurationList section */
	};
	rootObject = 0BF8744727D625680024AD00 /* Project object */;
}
